
Microsoft Visual Studio Solution File, Format Version 12.00
# Visual Studio Version 17
VisualStudioVersion = 17.5.33414.496
MinimumVisualStudioVersion = 10.0.40219.1
Project("{FAE04EC0-301F-11D3-BF4B-00C04F79EFBC}") = "LedAnimator.Tests", "LedAnimator.Tests\LedAnimator.Tests.csproj", "{09D2AD08-37F0-404C-A8B2-B596D45A9A22}"
EndProject
Project("{FAE04EC0-301F-11D3-BF4B-00C04F79EFBC}") = "LedAnimator.Domain", "LedAnimator.Domain\LedAnimator.Domain.csproj", "{78D32A56-2333-4E64-BAA0-02E3C3C25185}"
EndProject
Global
	GlobalSection(SolutionConfigurationPlatforms) = preSolution
		Debug|Any CPU = Debug|Any CPU
		Release|Any CPU = Release|Any CPU
	EndGlobalSection
	GlobalSection(ProjectConfigurationPlatforms) = postSolution
		{09D2AD08-37F0-404C-A8B2-B596D45A9A22}.Debug|Any CPU.ActiveCfg = Debug|Any CPU
		{09D2AD08-37F0-404C-A8B2-B596D45A9A22}.Debug|Any CPU.Build.0 = Debug|Any CPU
		{09D2AD08-37F0-404C-A8B2-B596D45A9A22}.Release|Any CPU.ActiveCfg = Release|Any CPU
		{09D2AD08-37F0-404C-A8B2-B596D45A9A22}.Release|Any CPU.Build.0 = Release|Any CPU
		{78D32A56-2333-4E64-BAA0-02E3C3C25185}.Debug|Any CPU.ActiveCfg = Debug|Any CPU
		{78D32A56-2333-4E64-BAA0-02E3C3C25185}.Debug|Any CPU.Build.0 = Debug|Any CPU
		{78D32A56-2333-4E64-BAA0-02E3C3C25185}.Release|Any CPU.ActiveCfg = Release|Any CPU
		{78D32A56-2333-4E64-BAA0-02E3C3C25185}.Release|Any CPU.Build.0 = Release|Any CPU
	EndGlobalSection
	GlobalSection(SolutionProperties) = preSolution
		HideSolutionNode = FALSE
	EndGlobalSection
	GlobalSection(ExtensibilityGlobals) = postSolution
		SolutionGuid = {E557D258-5C0A-4502-A035-6E1AFF7FBB07}
	EndGlobalSection
EndGlobal
